{
    "_readme": [
        "This file locks the dependencies of your project to a known state",
        "Read more about it at http://getcomposer.org/doc/01-basic-usage.md#composer-lock-the-lock-file",
        "This file is @generated automatically"
    ],
    "hash": "6e173cf44cb285c87b2cd839e73982cf",
    "packages": [
        {
            "name": "andre_487/php_rutils",
            "version": "1.1.1",
            "source": {
                "type": "git",
                "url": "https://github.com/Andre-487/php_rutils.git",
                "reference": "5b17fd0ac4a4bcdefc8bb20b38623c6b2a64ac43"
            },
            "dist": {
                "type": "zip",
                "url": "https://api.github.com/repos/Andre-487/php_rutils/zipball/5b17fd0ac4a4bcdefc8bb20b38623c6b2a64ac43",
                "reference": "5b17fd0ac4a4bcdefc8bb20b38623c6b2a64ac43",
                "shasum": ""
            },
            "require": {
                "php": ">=5.3.0"
            },
            "type": "library",
            "autoload": {
                "psr-0": {
                    "php_rutils": ".."
                }
            },
            "notification-url": "https://packagist.org/downloads/",
            "license": [
                "MIT"
            ],
            "description": "RUtils is a Russian-specific string utils (transliteration, numeral is words, russian dates, typography)",
            "homepage": "https://github.com/Andre-487/php_rutils",
            "keywords": [
                "numeral is words",
                "russian dates",
                "transliteration",
                "typography"
            ],
            "time": "2013-11-19 20:48:08"
        },
        {
            "name": "endroid/qrcode",
            "version": "1.5.0",
            "source": {
                "type": "git",
                "url": "https://github.com/endroid/QrCode.git",
                "reference": "d178018a109f46a7caf86ce76c8de6902cb57a82"
            },
            "dist": {
                "type": "zip",
                "url": "https://api.github.com/repos/endroid/QrCode/zipball/d178018a109f46a7caf86ce76c8de6902cb57a82",
                "reference": "d178018a109f46a7caf86ce76c8de6902cb57a82",
                "shasum": ""
            },
            "require": {
                "ext-gd": "*",
                "php": ">=5.3.0"
            },
            "type": "library",
            "extra": {
                "branch-alias": {
                    "dev-master": "1.x-dev"
                }
            },
            "autoload": {
                "psr-0": {
                    "Endroid": "src/"
                }
            },
            "notification-url": "https://packagist.org/downloads/",
            "license": [
                "MIT"
            ],
            "authors": [
                {
                    "name": "Jeroen van den Enden",
                    "email": "info@endroid.nl",
                    "homepage": "http://endroid.nl/"
                }
            ],
            "description": "Endroid QR Code",
            "homepage": "https://github.com/endroid/QrCode",
            "keywords": [
                "code",
                "endroid",
                "qr",
                "qrcode"
            ],
            "time": "2015-01-25 22:41:34"
        },
        {
            "name": "fabpot/goutte",
            "version": "v2.0.2",
            "source": {
                "type": "git",
                "url": "https://github.com/FriendsOfPHP/Goutte.git",
                "reference": "b12c3f7ec68d8814b50444cfe142fd0a056557f9"
            },
            "dist": {
                "type": "zip",
                "url": "https://api.github.com/repos/FriendsOfPHP/Goutte/zipball/b12c3f7ec68d8814b50444cfe142fd0a056557f9",
                "reference": "b12c3f7ec68d8814b50444cfe142fd0a056557f9",
                "shasum": ""
            },
            "require": {
                "guzzlehttp/guzzle": "4.*",
                "php": ">=5.4.0",
                "symfony/browser-kit": "~2.1",
                "symfony/css-selector": "~2.1",
                "symfony/dom-crawler": "~2.1"
            },
            "type": "application",
            "extra": {
                "branch-alias": {
                    "dev-master": "2.0-dev"
                }
            },
            "autoload": {
                "psr-0": {
                    "Goutte": "."
                }
            },
            "notification-url": "https://packagist.org/downloads/",
            "license": [
                "MIT"
            ],
            "authors": [
                {
                    "name": "Fabien Potencier",
                    "email": "fabien@symfony.com"
                }
            ],
            "description": "A simple PHP Web Scraper",
            "homepage": "https://github.com/fabpot/Goutte",
            "keywords": [
                "scraper"
            ],
            "time": "2014-07-22 13:24:11"
        },
        {
            "name": "guzzlehttp/guzzle",
            "version": "4.2.3",
            "source": {
                "type": "git",
                "url": "https://github.com/guzzle/guzzle.git",
                "reference": "66fd916e9f9130bc22c51450476823391cb2f67c"
            },
            "dist": {
                "type": "zip",
                "url": "https://api.github.com/repos/guzzle/guzzle/zipball/66fd916e9f9130bc22c51450476823391cb2f67c",
                "reference": "66fd916e9f9130bc22c51450476823391cb2f67c",
                "shasum": ""
            },
            "require": {
                "ext-json": "*",
                "guzzlehttp/streams": "~2.1",
                "php": ">=5.4.0"
            },
            "require-dev": {
                "ext-curl": "*",
                "phpunit/phpunit": "~4.0",
                "psr/log": "~1.0"
            },
            "suggest": {
                "ext-curl": "Guzzle will use specific adapters if cURL is present"
            },
            "type": "library",
            "extra": {
                "branch-alias": {
                    "dev-master": "4.2-dev"
                }
            },
            "autoload": {
                "psr-4": {
                    "GuzzleHttp\\": "src/"
                },
                "files": [
                    "src/functions.php"
                ]
            },
            "notification-url": "https://packagist.org/downloads/",
            "license": [
                "MIT"
            ],
            "authors": [
                {
                    "name": "Michael Dowling",
                    "email": "mtdowling@gmail.com",
                    "homepage": "https://github.com/mtdowling"
                }
            ],
            "description": "Guzzle is a PHP HTTP client library and framework for building RESTful web service clients",
            "homepage": "http://guzzlephp.org/",
            "keywords": [
                "client",
                "curl",
                "framework",
                "http",
                "http client",
                "rest",
                "web service"
            ],
            "time": "2014-10-05 19:29:14"
        },
        {
            "name": "guzzlehttp/streams",
            "version": "2.1.0",
            "source": {
                "type": "git",
                "url": "https://github.com/guzzle/streams.git",
                "reference": "f91b721d73f0e561410903b3b3c90a5d0e40b534"
            },
            "dist": {
                "type": "zip",
                "url": "https://api.github.com/repos/guzzle/streams/zipball/f91b721d73f0e561410903b3b3c90a5d0e40b534",
                "reference": "f91b721d73f0e561410903b3b3c90a5d0e40b534",
                "shasum": ""
            },
            "require": {
                "php": ">=5.4.0"
            },
            "require-dev": {
                "phpunit/phpunit": "~4.0"
            },
            "type": "library",
            "extra": {
                "branch-alias": {
                    "dev-master": "2.0-dev"
                }
            },
            "autoload": {
                "psr-4": {
                    "GuzzleHttp\\Stream\\": "src/"
                },
                "files": [
                    "src/functions.php"
                ]
            },
            "notification-url": "https://packagist.org/downloads/",
            "license": [
                "MIT"
            ],
            "authors": [
                {
                    "name": "Michael Dowling",
                    "email": "mtdowling@gmail.com",
                    "homepage": "https://github.com/mtdowling"
                }
            ],
            "description": "Provides a simple abstraction over streams of data (Guzzle 4+)",
            "homepage": "http://guzzlephp.org/",
            "keywords": [
                "Guzzle",
                "stream"
            ],
            "time": "2014-08-17 21:15:53"
        },
        {
            "name": "knplabs/knp-snappy",
            "version": "0.3.3",
            "source": {
                "type": "git",
                "url": "https://github.com/KnpLabs/snappy.git",
                "reference": "eda1b39cb06b3f9ac7b4423df4c115feccea1194"
            },
            "dist": {
                "type": "zip",
                "url": "https://api.github.com/repos/KnpLabs/snappy/zipball/eda1b39cb06b3f9ac7b4423df4c115feccea1194",
                "reference": "eda1b39cb06b3f9ac7b4423df4c115feccea1194",
                "shasum": ""
            },
            "require": {
                "php": ">=5.3.0"
            },
            "require-dev": {
                "symfony/process": "~2.1"
            },
            "suggest": {
                "h4cc/wkhtmltopdf-amd64": "Provide wkhtmltopdf-amd64 binary, use version `0.12.0` as dependency",
                "h4cc/wkhtmltopdf-i386": "Provide wkhtmltopdf-i386 binary, use version `0.12.0` as dependency"
            },
            "type": "library",
            "extra": {
                "branch-alias": {
                    "dev-master": "0.3.x-dev"
                }
            },
            "autoload": {
                "psr-0": {
                    "Knp\\Snappy": "src/"
                }
            },
            "notification-url": "https://packagist.org/downloads/",
            "license": [
                "MIT"
            ],
            "authors": [
                {
                    "name": "KnpLabs Team",
                    "homepage": "http://knplabs.com"
                },
                {
                    "name": "Symfony Community",
                    "homepage": "http://github.com/KnpLabs/snappy/contributors"
                }
            ],
            "description": "PHP5 library allowing thumbnail, snapshot or PDF generation from a url or a html page. Wrapper for wkhtmltopdf/wkhtmltoimage.",
            "homepage": "http://github.com/KnpLabs/snappy",
            "keywords": [
                "knp",
                "knplabs",
                "pdf",
                "snapshot",
                "thumbnail",
                "wkhtmltopdf"
            ],
            "time": "2015-03-11 12:24:42"
        },
        {
            "name": "phpixie/auth",
            "version": "dev-master",
            "source": {
                "type": "git",
                "url": "https://github.com/dracony/PHPixie-Auth.git",
                "reference": "4ad10a65f4f888e631e7ebe3f9f52d60734ebfa0"
            },
            "dist": {
                "type": "zip",
                "url": "https://api.github.com/repos/dracony/PHPixie-Auth/zipball/4ad10a65f4f888e631e7ebe3f9f52d60734ebfa0",
                "reference": "4ad10a65f4f888e631e7ebe3f9f52d60734ebfa0",
                "shasum": ""
            },
            "require": {
                "phpixie/orm": "2.*@dev"
            },
            "type": "library",
            "extra": {
                "branch-alias": {
                    "dev-master": "2.x-dev"
                }
            },
            "autoload": {
                "psr-0": {
                    "PHPixie": "classes/"
                }
            },
            "notification-url": "https://packagist.org/downloads/",
            "license": [
                "BSD"
            ],
            "authors": [
                {
                    "name": "Roman Tsiupa",
                    "email": "draconyster@gmail.com",
                    "homepage": "http://dracony.org"
                }
            ],
            "description": "PHPixie Auth library",
            "homepage": "http://phpixie.com",
            "keywords": [
                "Authentication",
                "authorization",
                "facebook"
            ],
            "time": "2014-04-08 14:40:46"
        },
        {
            "name": "phpixie/core",
            "version": "dev-master",
            "source": {
                "type": "git",
                "url": "https://github.com/dracony/PHPixie-Core.git",
                "reference": "18098764384057c94639a587c1f393dfeb3ef5ce"
            },
            "dist": {
                "type": "zip",
                "url": "https://api.github.com/repos/dracony/PHPixie-Core/zipball/18098764384057c94639a587c1f393dfeb3ef5ce",
                "reference": "18098764384057c94639a587c1f393dfeb3ef5ce",
                "shasum": ""
            },
            "require": {
                "php": ">=5.3.0"
            },
            "type": "library",
            "extra": {
                "branch-alias": {
                    "dev-master": "2.*-dev"
                }
            },
            "autoload": {
                "psr-0": {
                    "PHPixie": "classes/"
                }
            },
            "notification-url": "https://packagist.org/downloads/",
            "license": [
                "BSD"
            ],
            "authors": [
                {
                    "name": "Roman Tsiupa",
                    "email": "draconyster@gmail.com",
                    "homepage": "http://dracony.org"
                }
            ],
            "description": "PHPixie Framework",
            "homepage": "http://phpixie.com",
            "keywords": [
                "framework"
            ],
            "time": "2014-06-18 15:44:08"
        },
        {
            "name": "phpixie/db",
            "version": "dev-master",
            "source": {
                "type": "git",
                "url": "https://github.com/dracony/PHPixie-DB.git",
                "reference": "67a5f61e1cc9887fdd39a864c5ce56e1b8737009"
            },
            "dist": {
                "type": "zip",
                "url": "https://api.github.com/repos/dracony/PHPixie-DB/zipball/67a5f61e1cc9887fdd39a864c5ce56e1b8737009",
                "reference": "67a5f61e1cc9887fdd39a864c5ce56e1b8737009",
                "shasum": ""
            },
            "require": {
                "phpixie/core": "2.*@dev"
            },
            "type": "library",
            "extra": {
                "branch-alias": {
                    "dev-master": "2.x-dev"
                }
            },
            "autoload": {
                "psr-0": {
                    "PHPixie": "classes/"
                }
            },
            "notification-url": "https://packagist.org/downloads/",
            "license": [
                "BSD"
            ],
            "authors": [
                {
                    "name": "Roman Tsiupa",
                    "email": "draconyster@gmail.com",
                    "homepage": "http://dracony.org"
                }
            ],
            "description": "PHPixie Database library",
            "homepage": "http://phpixie.com",
            "keywords": [
                "database",
                "mysql",
                "postgresql",
                "sqlite"
            ],
            "time": "2014-05-21 13:21:05"
        },
        {
            "name": "phpixie/email",
            "version": "dev-master",
            "source": {
                "type": "git",
                "url": "https://github.com/dracony/PHPixie-swift-mailer.git",
                "reference": "0fd099ecc71260a84ef7eba75533e9b744601310"
            },
            "dist": {
                "type": "zip",
                "url": "https://api.github.com/repos/dracony/PHPixie-swift-mailer/zipball/0fd099ecc71260a84ef7eba75533e9b744601310",
                "reference": "0fd099ecc71260a84ef7eba75533e9b744601310",
                "shasum": ""
            },
            "require": {
                "phpixie/core": "2.*@dev",
                "swiftmailer/swiftmailer": "4.3.*@dev"
            },
            "type": "library",
            "extra": {
                "branch-alias": {
                    "dev-master": "2.x-dev"
                }
            },
            "autoload": {
                "psr-0": {
                    "PHPixie": "classes/"
                }
            },
            "notification-url": "https://packagist.org/downloads/",
            "license": [
                "BSD"
            ],
            "authors": [
                {
                    "name": "Roman Tsiupa",
                    "email": "draconyster@gmail.com",
                    "homepage": "http://dracony.org"
                }
            ],
            "description": "Validation library for PHPixie",
            "homepage": "http://phpixie.com",
            "keywords": [
                "email"
            ],
            "time": "2014-01-24 14:19:41"
        },
        {
            "name": "phpixie/orm",
            "version": "dev-master",
            "source": {
                "type": "git",
                "url": "https://github.com/dracony/PHPixie-ORM.git",
                "reference": "026af58ba5871e0eac526bfc294b4f7b0233b6d9"
            },
            "dist": {
                "type": "zip",
                "url": "https://api.github.com/repos/dracony/PHPixie-ORM/zipball/026af58ba5871e0eac526bfc294b4f7b0233b6d9",
                "reference": "026af58ba5871e0eac526bfc294b4f7b0233b6d9",
                "shasum": ""
            },
            "require": {
                "phpixie/db": "2.*@dev"
            },
            "type": "library",
            "extra": {
                "branch-alias": {
                    "dev-master": "2.x-dev"
                }
            },
            "autoload": {
                "psr-0": {
                    "PHPixie": "classes/"
                }
            },
            "notification-url": "https://packagist.org/downloads/",
            "license": [
                "BSD"
            ],
            "authors": [
                {
                    "name": "Roman Tsiupa",
                    "email": "draconyster@gmail.com",
                    "homepage": "http://dracony.org"
                }
            ],
            "description": "ORM library for PHPixie",
            "homepage": "http://phpixie.com",
            "keywords": [
                "database",
                "orm"
            ],
            "time": "2014-05-22 00:42:52"
        },
        {
            "name": "phpixie/paginate",
            "version": "dev-master",
            "source": {
                "type": "git",
                "url": "https://github.com/dracony/PHPixie-Paginate.git",
                "reference": "dfc904855998f7b49f25a127041a3968d513cff1"
            },
            "dist": {
                "type": "zip",
                "url": "https://api.github.com/repos/dracony/PHPixie-Paginate/zipball/dfc904855998f7b49f25a127041a3968d513cff1",
                "reference": "dfc904855998f7b49f25a127041a3968d513cff1",
                "shasum": ""
            },
            "require": {
                "phpixie/core": "2.*@dev"
            },
            "type": "library",
            "extra": {
                "branch-alias": {
                    "dev-master": "2.x-dev"
                }
            },
            "autoload": {
                "psr-0": {
                    "PHPixie": "classes/"
                }
            },
            "notification-url": "https://packagist.org/downloads/",
            "license": [
                "BSD"
            ],
            "authors": [
                {
                    "name": "Roman Tsiupa",
                    "email": "draconyster@gmail.com",
                    "homepage": "http://dracony.org"
                }
            ],
            "description": "Pagination module for PHPixie",
            "homepage": "http://phpixie.com",
            "keywords": [
                "orm",
                "pagination"
            ],
            "time": "2014-04-06 09:33:02"
        },
        {
            "name": "project/phpthumb",
            "version": "1.0.0",
            "source": {
                "type": "git",
                "url": "https://github.com/masterexploder/PHPThumb",
                "reference": "master"
            },
            "type": "library",
            "autoload": {
                "psr-0": {
                    "PHPThumb": "src/",
                    "PHPThumb\\Tests": "tests/"
                }
            },
            "license": [
                "MIT"
            ]
        },
        {
            "name": "swiftmailer/swiftmailer",
            "version": "v4.3.1",
            "source": {
                "type": "git",
                "url": "https://github.com/swiftmailer/swiftmailer.git",
                "reference": "ae540bed1079c07aa12e9e62d9d8d4fc49bbdff2"
            },
            "dist": {
                "type": "zip",
                "url": "https://api.github.com/repos/swiftmailer/swiftmailer/zipball/ae540bed1079c07aa12e9e62d9d8d4fc49bbdff2",
                "reference": "ae540bed1079c07aa12e9e62d9d8d4fc49bbdff2",
                "shasum": ""
            },
            "require": {
                "php": ">=5.2.4"
            },
            "type": "library",
            "extra": {
                "branch-alias": {
                    "dev-master": "4.3-dev"
                }
            },
            "autoload": {
                "files": [
                    "lib/swift_required.php"
                ]
            },
            "notification-url": "https://packagist.org/downloads/",
            "license": [
                "LGPL"
            ],
            "authors": [
                {
                    "name": "Fabien Potencier",
                    "email": "fabien@symfony.com",
                    "homepage": "http://fabien.potencier.org",
                    "role": "Lead Developer"
                },
                {
                    "name": "Chris Corbyn"
                }
            ],
            "description": "Swiftmailer, free feature-rich PHP mailer",
            "homepage": "http://swiftmailer.org",
            "keywords": [
                "mail",
                "mailer"
            ],
            "time": "2013-04-11 10:22:09"
        },
        {
            "name": "symfony/browser-kit",
            "version": "v2.6.1",
            "target-dir": "Symfony/Component/BrowserKit",
            "source": {
                "type": "git",
                "url": "https://github.com/symfony/BrowserKit.git",
                "reference": "421feda1413fbd09f15d9e7ce39790239d7e01e7"
            },
            "dist": {
                "type": "zip",
                "url": "https://api.github.com/repos/symfony/BrowserKit/zipball/421feda1413fbd09f15d9e7ce39790239d7e01e7",
                "reference": "421feda1413fbd09f15d9e7ce39790239d7e01e7",
                "shasum": ""
            },
            "require": {
                "php": ">=5.3.3",
                "symfony/dom-crawler": "~2.0"
            },
            "require-dev": {
                "symfony/css-selector": "~2.0",
                "symfony/process": "~2.0"
            },
            "suggest": {
                "symfony/process": ""
            },
            "type": "library",
            "extra": {
                "branch-alias": {
                    "dev-master": "2.6-dev"
                }
            },
            "autoload": {
                "psr-0": {
                    "Symfony\\Component\\BrowserKit\\": ""
                }
            },
            "notification-url": "https://packagist.org/downloads/",
            "license": [
                "MIT"
            ],
            "authors": [
                {
                    "name": "Symfony Community",
                    "homepage": "http://symfony.com/contributors"
                },
                {
                    "name": "Fabien Potencier",
                    "email": "fabien@symfony.com"
                }
            ],
            "description": "Symfony BrowserKit Component",
            "homepage": "http://symfony.com",
            "time": "2014-12-02 20:19:20"
        },
        {
            "name": "symfony/css-selector",
            "version": "v2.6.1",
            "target-dir": "Symfony/Component/CssSelector",
            "source": {
                "type": "git",
                "url": "https://github.com/symfony/CssSelector.git",
                "reference": "93eb315b545b60a908271762fb4bfa1f9954b851"
            },
            "dist": {
                "type": "zip",
                "url": "https://api.github.com/repos/symfony/CssSelector/zipball/93eb315b545b60a908271762fb4bfa1f9954b851",
                "reference": "93eb315b545b60a908271762fb4bfa1f9954b851",
                "shasum": ""
            },
            "require": {
                "php": ">=5.3.3"
            },
            "type": "library",
            "extra": {
                "branch-alias": {
                    "dev-master": "2.6-dev"
                }
            },
            "autoload": {
                "psr-0": {
                    "Symfony\\Component\\CssSelector\\": ""
                }
            },
            "notification-url": "https://packagist.org/downloads/",
            "license": [
                "MIT"
            ],
            "authors": [
                {
                    "name": "Symfony Community",
                    "homepage": "http://symfony.com/contributors"
                },
                {
                    "name": "Jean-François Simon",
                    "email": "jeanfrancois.simon@sensiolabs.com"
                },
                {
                    "name": "Fabien Potencier",
                    "email": "fabien@symfony.com"
                }
            ],
            "description": "Symfony CssSelector Component",
            "homepage": "http://symfony.com",
            "time": "2014-12-02 20:19:20"
        },
        {
            "name": "symfony/dom-crawler",
            "version": "v2.6.1",
            "target-dir": "Symfony/Component/DomCrawler",
            "source": {
                "type": "git",
                "url": "https://github.com/symfony/DomCrawler.git",
                "reference": "300d449f79d74ac62b06edd05214e8dd2e635840"
            },
            "dist": {
                "type": "zip",
                "url": "https://api.github.com/repos/symfony/DomCrawler/zipball/300d449f79d74ac62b06edd05214e8dd2e635840",
                "reference": "300d449f79d74ac62b06edd05214e8dd2e635840",
                "shasum": ""
            },
            "require": {
                "php": ">=5.3.3"
            },
            "require-dev": {
                "symfony/css-selector": "~2.0"
            },
            "suggest": {
                "symfony/css-selector": ""
            },
            "type": "library",
            "extra": {
                "branch-alias": {
                    "dev-master": "2.6-dev"
                }
            },
            "autoload": {
                "psr-0": {
                    "Symfony\\Component\\DomCrawler\\": ""
                }
            },
            "notification-url": "https://packagist.org/downloads/",
            "license": [
                "MIT"
            ],
            "authors": [
                {
                    "name": "Symfony Community",
                    "homepage": "http://symfony.com/contributors"
                },
                {
                    "name": "Fabien Potencier",
                    "email": "fabien@symfony.com"
                }
            ],
            "description": "Symfony DomCrawler Component",
            "homepage": "http://symfony.com",
            "time": "2014-12-02 20:19:20"
        },
        {
            "name": "symfony/filesystem",
            "version": "v2.3.23",
            "target-dir": "Symfony/Component/Filesystem",
            "source": {
                "type": "git",
                "url": "https://github.com/symfony/Filesystem.git",
                "reference": "9cfe8b5cefb4dbe90148f38bcd0683c6804009a0"
            },
            "dist": {
                "type": "zip",
                "url": "https://api.github.com/repos/symfony/Filesystem/zipball/9cfe8b5cefb4dbe90148f38bcd0683c6804009a0",
                "reference": "9cfe8b5cefb4dbe90148f38bcd0683c6804009a0",
                "shasum": ""
            },
            "require": {
                "php": ">=5.3.3"
            },
            "type": "library",
            "extra": {
                "branch-alias": {
                    "dev-master": "2.3-dev"
                }
            },
            "autoload": {
                "psr-0": {
                    "Symfony\\Component\\Filesystem\\": ""
                }
            },
            "notification-url": "https://packagist.org/downloads/",
            "license": [
                "MIT"
            ],
            "authors": [
                {
                    "name": "Symfony Community",
                    "homepage": "http://symfony.com/contributors"
                },
                {
                    "name": "Fabien Potencier",
                    "email": "fabien@symfony.com"
                }
            ],
            "description": "Symfony Filesystem Component",
            "homepage": "http://symfony.com",
            "time": "2014-11-30 13:33:44"
        },
        {
            "name": "symfony/process",
            "version": "v2.6.5",
            "target-dir": "Symfony/Component/Process",
            "source": {
                "type": "git",
                "url": "https://github.com/symfony/Process.git",
                "reference": "4d717f34f3d1d6ab30fbe79f7132960a27f4a0dc"
            },
            "dist": {
                "type": "zip",
                "url": "https://api.github.com/repos/symfony/Process/zipball/4d717f34f3d1d6ab30fbe79f7132960a27f4a0dc",
                "reference": "4d717f34f3d1d6ab30fbe79f7132960a27f4a0dc",
                "shasum": ""
            },
            "require": {
                "php": ">=5.3.3"
            },
            "require-dev": {
                "symfony/phpunit-bridge": "~2.7"
            },
            "type": "library",
            "extra": {
                "branch-alias": {
                    "dev-master": "2.6-dev"
                }
            },
            "autoload": {
                "psr-0": {
                    "Symfony\\Component\\Process\\": ""
                }
            },
            "notification-url": "https://packagist.org/downloads/",
            "license": [
                "MIT"
            ],
            "authors": [
                {
                    "name": "Symfony Community",
                    "homepage": "http://symfony.com/contributors"
                },
                {
                    "name": "Fabien Potencier",
                    "email": "fabien@symfony.com"
                }
            ],
            "description": "Symfony Process Component",
            "homepage": "http://symfony.com",
            "time": "2015-03-12 10:28:44"
        }
    ],
    "packages-dev": [],
    "aliases": [],
    "minimum-stability": "stable",
    "stability-flags": {
        "phpixie/core": 20,
        "phpixie/db": 20,
        "phpixie/orm": 20,
        "phpixie/auth": 20,
        "phpixie/email": 20,
        "phpixie/paginate": 20
    },
    "prefer-stable": false,
    "prefer-lowest": false,
    "platform": [],
    "platform-dev": []
}
